
Microsoft Visual Studio Solution File, Format Version 12.00
# Visual Studio Version 17
VisualStudioVersion = 17.13.36105.23
MinimumVisualStudioVersion = 10.0.40219.1
Project("{FAE04EC0-301F-11D3-BF4B-00C04F79EFBC}") = "RecruitmentAbi", "RecruitmentAbi.csproj", "{C3F4F504-D57E-83E6-F65D-CC8AC13F216A}"
EndProject
Project("{FAE04EC0-301F-11D3-BF4B-00C04F79EFBC}") = "Tests", "..\Tests\Tests.csproj", "{DDEED6C5-4F70-4FF4-9922-D3941FE71229}"
EndProject
Global
	GlobalSection(SolutionConfigurationPlatforms) = preSolution
		Debug|Any CPU = Debug|Any CPU
		Release|Any CPU = Release|Any CPU
	EndGlobalSection
	GlobalSection(ProjectConfigurationPlatforms) = postSolution
		{C3F4F504-D57E-83E6-F65D-CC8AC13F216A}.Debug|Any CPU.ActiveCfg = Debug|Any CPU
		{C3F4F504-D57E-83E6-F65D-CC8AC13F216A}.Debug|Any CPU.Build.0 = Debug|Any CPU
		{C3F4F504-D57E-83E6-F65D-CC8AC13F216A}.Release|Any CPU.ActiveCfg = Release|Any CPU
		{C3F4F504-D57E-83E6-F65D-CC8AC13F216A}.Release|Any CPU.Build.0 = Release|Any CPU
		{DDEED6C5-4F70-4FF4-9922-D3941FE71229}.Debug|Any CPU.ActiveCfg = Debug|Any CPU
		{DDEED6C5-4F70-4FF4-9922-D3941FE71229}.Debug|Any CPU.Build.0 = Debug|Any CPU
		{DDEED6C5-4F70-4FF4-9922-D3941FE71229}.Release|Any CPU.ActiveCfg = Release|Any CPU
		{DDEED6C5-4F70-4FF4-9922-D3941FE71229}.Release|Any CPU.Build.0 = Release|Any CPU
	EndGlobalSection
	GlobalSection(SolutionProperties) = preSolution
		HideSolutionNode = FALSE
	EndGlobalSection
	GlobalSection(ExtensibilityGlobals) = postSolution
		SolutionGuid = {95B73252-BBE1-41BA-A378-D0EA7854E236}
	EndGlobalSection
EndGlobal
